
Microsoft Visual Studio Solution File, Format Version 12.00
# Visual Studio Version 17
VisualStudioVersion = 17.2.32630.192
MinimumVisualStudioVersion = 10.0.40219.1
Project("{FAE04EC0-301F-11D3-BF4B-00C04F79EFBC}") = "FavoriteBooks", "FavoriteBooks\FavoriteBooks.csproj", "{354BCA22-9845-4ED9-971D-EA4083853A0C}"
EndProject
Global
	GlobalSection(SolutionConfigurationPlatforms) = preSolution
		Debug|Any CPU = Debug|Any CPU
		Release|Any CPU = Release|Any CPU
	EndGlobalSection
	GlobalSection(ProjectConfigurationPlatforms) = postSolution
		{354BCA22-9845-4ED9-971D-EA4083853A0C}.Debug|Any CPU.ActiveCfg = Debug|Any CPU
		{354BCA22-9845-4ED9-971D-EA4083853A0C}.Debug|Any CPU.Build.0 = Debug|Any CPU
		{354BCA22-9845-4ED9-971D-EA4083853A0C}.Release|Any CPU.ActiveCfg = Release|Any CPU
		{354BCA22-9845-4ED9-971D-EA4083853A0C}.Release|Any CPU.Build.0 = Release|Any CPU
	EndGlobalSection
	GlobalSection(SolutionProperties) = preSolution
		HideSolutionNode = FALSE
	EndGlobalSection
	GlobalSection(ExtensibilityGlobals) = postSolution
		SolutionGuid = {32DCB86E-C967-4F0E-BEAF-C46D3B4917AF}
	EndGlobalSection
EndGlobal
